
Microsoft Visual Studio Solution File, Format Version 12.00
# Visual Studio Version 17
VisualStudioVersion = 17.8.34309.116
MinimumVisualStudioVersion = 10.0.40219.1
Project("{9A19103F-16F7-4668-BE54-9A1E7A4F7556}") = "AlphaPunkotiki.WebApi", "AlphaPunkotiki\AlphaPunkotiki.WebApi.csproj", "{A78B779C-EDF5-4C9A-A4B7-B9957FF39E90}"
EndProject
Project("{9A19103F-16F7-4668-BE54-9A1E7A4F7556}") = "AlphaPunkotiki.Domain", "AlphaPunkotiki.Domain\AlphaPunkotiki.Domain.csproj", "{C3DC14D4-F034-4C8F-9697-930CABA4A7AB}"
EndProject
Project("{9A19103F-16F7-4668-BE54-9A1E7A4F7556}") = "AlphaPunkotiki.Infrastructure", "AlphaPunkotiki.Infrastructure\AlphaPunkotiki.Infrastructure.csproj", "{6E4A58D5-D949-4AB2-A95F-DF6EDC27757C}"
EndProject
Global
	GlobalSection(SolutionConfigurationPlatforms) = preSolution
		Debug|Any CPU = Debug|Any CPU
		Release|Any CPU = Release|Any CPU
	EndGlobalSection
	GlobalSection(ProjectConfigurationPlatforms) = postSolution
		{A78B779C-EDF5-4C9A-A4B7-B9957FF39E90}.Debug|Any CPU.ActiveCfg = Debug|Any CPU
		{A78B779C-EDF5-4C9A-A4B7-B9957FF39E90}.Debug|Any CPU.Build.0 = Debug|Any CPU
		{A78B779C-EDF5-4C9A-A4B7-B9957FF39E90}.Release|Any CPU.ActiveCfg = Release|Any CPU
		{A78B779C-EDF5-4C9A-A4B7-B9957FF39E90}.Release|Any CPU.Build.0 = Release|Any CPU
		{C3DC14D4-F034-4C8F-9697-930CABA4A7AB}.Debug|Any CPU.ActiveCfg = Debug|Any CPU
		{C3DC14D4-F034-4C8F-9697-930CABA4A7AB}.Debug|Any CPU.Build.0 = Debug|Any CPU
		{C3DC14D4-F034-4C8F-9697-930CABA4A7AB}.Release|Any CPU.ActiveCfg = Release|Any CPU
		{C3DC14D4-F034-4C8F-9697-930CABA4A7AB}.Release|Any CPU.Build.0 = Release|Any CPU
		{6E4A58D5-D949-4AB2-A95F-DF6EDC27757C}.Debug|Any CPU.ActiveCfg = Debug|Any CPU
		{6E4A58D5-D949-4AB2-A95F-DF6EDC27757C}.Debug|Any CPU.Build.0 = Debug|Any CPU
		{6E4A58D5-D949-4AB2-A95F-DF6EDC27757C}.Release|Any CPU.ActiveCfg = Release|Any CPU
		{6E4A58D5-D949-4AB2-A95F-DF6EDC27757C}.Release|Any CPU.Build.0 = Release|Any CPU
	EndGlobalSection
	GlobalSection(SolutionProperties) = preSolution
		HideSolutionNode = FALSE
	EndGlobalSection
	GlobalSection(ExtensibilityGlobals) = postSolution
		SolutionGuid = {AD3E4FC7-A375-44BD-8113-97796B5A8BCD}
	EndGlobalSection
EndGlobal
